
Microsoft Visual Studio Solution File, Format Version 12.00
# Visual Studio 2012
Project("{FAE04EC0-301F-11D3-BF4B-00C04F79EFBC}") = "H_DependencyService", "H_DependencyService\H_DependencyService.csproj", "{E8D71EB4-AC97-45FB-BB25-B71DDE15B763}"
EndProject
Project("{FAE04EC0-301F-11D3-BF4B-00C04F79EFBC}") = "H_DependencyService.iOS", "iOS\H_DependencyService.iOS.csproj", "{77BE318D-69FF-459E-8777-1B0898134430}"
EndProject
Project("{FAE04EC0-301F-11D3-BF4B-00C04F79EFBC}") = "H_DependencyService.Android", "Android\H_DependencyService.Android.csproj", "{218212C7-86B8-48FA-BE75-26644E88DB9B}"
EndProject
Global
	GlobalSection(SolutionConfigurationPlatforms) = preSolution
		Debug|Any CPU = Debug|Any CPU
		Release|Any CPU = Release|Any CPU
		Debug|iPhoneSimulator = Debug|iPhoneSimulator
		Release|iPhoneSimulator = Release|iPhoneSimulator
		Debug|iPhone = Debug|iPhone
		Release|iPhone = Release|iPhone
		Ad-Hoc|iPhone = Ad-Hoc|iPhone
		AppStore|iPhone = AppStore|iPhone
	EndGlobalSection
	GlobalSection(ProjectConfigurationPlatforms) = postSolution
		{218212C7-86B8-48FA-BE75-26644E88DB9B}.Ad-Hoc|iPhone.ActiveCfg = Debug|Any CPU
		{218212C7-86B8-48FA-BE75-26644E88DB9B}.Ad-Hoc|iPhone.Build.0 = Debug|Any CPU
		{218212C7-86B8-48FA-BE75-26644E88DB9B}.AppStore|iPhone.ActiveCfg = Debug|Any CPU
		{218212C7-86B8-48FA-BE75-26644E88DB9B}.AppStore|iPhone.Build.0 = Debug|Any CPU
		{218212C7-86B8-48FA-BE75-26644E88DB9B}.Debug|Any CPU.ActiveCfg = Debug|Any CPU
		{218212C7-86B8-48FA-BE75-26644E88DB9B}.Debug|Any CPU.Build.0 = Debug|Any CPU
		{218212C7-86B8-48FA-BE75-26644E88DB9B}.Debug|iPhone.ActiveCfg = Debug|Any CPU
		{218212C7-86B8-48FA-BE75-26644E88DB9B}.Debug|iPhone.Build.0 = Debug|Any CPU
		{218212C7-86B8-48FA-BE75-26644E88DB9B}.Debug|iPhoneSimulator.ActiveCfg = Debug|Any CPU
		{218212C7-86B8-48FA-BE75-26644E88DB9B}.Debug|iPhoneSimulator.Build.0 = Debug|Any CPU
		{218212C7-86B8-48FA-BE75-26644E88DB9B}.Release|Any CPU.ActiveCfg = Release|Any CPU
		{218212C7-86B8-48FA-BE75-26644E88DB9B}.Release|Any CPU.Build.0 = Release|Any CPU
		{218212C7-86B8-48FA-BE75-26644E88DB9B}.Release|iPhone.ActiveCfg = Release|Any CPU
		{218212C7-86B8-48FA-BE75-26644E88DB9B}.Release|iPhone.Build.0 = Release|Any CPU
		{218212C7-86B8-48FA-BE75-26644E88DB9B}.Release|iPhoneSimulator.ActiveCfg = Release|Any CPU
		{218212C7-86B8-48FA-BE75-26644E88DB9B}.Release|iPhoneSimulator.Build.0 = Release|Any CPU
		{77BE318D-69FF-459E-8777-1B0898134430}.Ad-Hoc|iPhone.ActiveCfg = Ad-Hoc|iPhone
		{77BE318D-69FF-459E-8777-1B0898134430}.Ad-Hoc|iPhone.Build.0 = Ad-Hoc|iPhone
		{77BE318D-69FF-459E-8777-1B0898134430}.AppStore|iPhone.ActiveCfg = AppStore|iPhone
		{77BE318D-69FF-459E-8777-1B0898134430}.AppStore|iPhone.Build.0 = AppStore|iPhone
		{77BE318D-69FF-459E-8777-1B0898134430}.Debug|Any CPU.ActiveCfg = Debug|iPhoneSimulator
		{77BE318D-69FF-459E-8777-1B0898134430}.Debug|Any CPU.Build.0 = Debug|iPhoneSimulator
		{77BE318D-69FF-459E-8777-1B0898134430}.Debug|iPhone.ActiveCfg = Debug|iPhone
		{77BE318D-69FF-459E-8777-1B0898134430}.Debug|iPhone.Build.0 = Debug|iPhone
		{77BE318D-69FF-459E-8777-1B0898134430}.Debug|iPhoneSimulator.ActiveCfg = Debug|iPhoneSimulator
		{77BE318D-69FF-459E-8777-1B0898134430}.Debug|iPhoneSimulator.Build.0 = Debug|iPhoneSimulator
		{77BE318D-69FF-459E-8777-1B0898134430}.Release|Any CPU.ActiveCfg = Release|iPhoneSimulator
		{77BE318D-69FF-459E-8777-1B0898134430}.Release|Any CPU.Build.0 = Release|iPhoneSimulator
		{77BE318D-69FF-459E-8777-1B0898134430}.Release|iPhone.ActiveCfg = Release|iPhone
		{77BE318D-69FF-459E-8777-1B0898134430}.Release|iPhone.Build.0 = Release|iPhone
		{77BE318D-69FF-459E-8777-1B0898134430}.Release|iPhoneSimulator.ActiveCfg = Release|iPhoneSimulator
		{77BE318D-69FF-459E-8777-1B0898134430}.Release|iPhoneSimulator.Build.0 = Release|iPhoneSimulator
		{E8D71EB4-AC97-45FB-BB25-B71DDE15B763}.Ad-Hoc|iPhone.ActiveCfg = Debug|Any CPU
		{E8D71EB4-AC97-45FB-BB25-B71DDE15B763}.Ad-Hoc|iPhone.Build.0 = Debug|Any CPU
		{E8D71EB4-AC97-45FB-BB25-B71DDE15B763}.AppStore|iPhone.ActiveCfg = Debug|Any CPU
		{E8D71EB4-AC97-45FB-BB25-B71DDE15B763}.AppStore|iPhone.Build.0 = Debug|Any CPU
		{E8D71EB4-AC97-45FB-BB25-B71DDE15B763}.Debug|Any CPU.ActiveCfg = Debug|Any CPU
		{E8D71EB4-AC97-45FB-BB25-B71DDE15B763}.Debug|Any CPU.Build.0 = Debug|Any CPU
		{E8D71EB4-AC97-45FB-BB25-B71DDE15B763}.Debug|iPhone.ActiveCfg = Debug|Any CPU
		{E8D71EB4-AC97-45FB-BB25-B71DDE15B763}.Debug|iPhone.Build.0 = Debug|Any CPU
		{E8D71EB4-AC97-45FB-BB25-B71DDE15B763}.Debug|iPhoneSimulator.ActiveCfg = Debug|Any CPU
		{E8D71EB4-AC97-45FB-BB25-B71DDE15B763}.Debug|iPhoneSimulator.Build.0 = Debug|Any CPU
		{E8D71EB4-AC97-45FB-BB25-B71DDE15B763}.Release|Any CPU.ActiveCfg = Release|Any CPU
		{E8D71EB4-AC97-45FB-BB25-B71DDE15B763}.Release|Any CPU.Build.0 = Release|Any CPU
		{E8D71EB4-AC97-45FB-BB25-B71DDE15B763}.Release|iPhone.ActiveCfg = Release|Any CPU
		{E8D71EB4-AC97-45FB-BB25-B71DDE15B763}.Release|iPhone.Build.0 = Release|Any CPU
		{E8D71EB4-AC97-45FB-BB25-B71DDE15B763}.Release|iPhoneSimulator.ActiveCfg = Release|Any CPU
		{E8D71EB4-AC97-45FB-BB25-B71DDE15B763}.Release|iPhoneSimulator.Build.0 = Release|Any CPU
	EndGlobalSection
	GlobalSection(MonoDevelopProperties) = preSolution
		StartupItem = iOS\H_DependencyService.iOS.csproj
	EndGlobalSection
EndGlobal
